
Microsoft Visual Studio Solution File, Format Version 12.00
# Visual Studio 15
VisualStudioVersion = 15.0.28307.852
MinimumVisualStudioVersion = 10.0.40219.1
Project("{FAE04EC0-301F-11D3-BF4B-00C04F79EFBC}") = "VATGlasses.Windows", "VATGlasses.Windows\VATGlasses.Windows.csproj", "{F3A61874-93D5-4FD4-BB27-B0F7A1478CCC}"
EndProject
Project("{FAE04EC0-301F-11D3-BF4B-00C04F79EFBC}") = "VATGlasses.SectorFileParser", "VATGlasses.SectorFileParser\VATGlasses.SectorFileParser.csproj", "{1F78E65D-81FB-4AD5-9D61-FED7B2FE01FD}"
EndProject
Project("{FAE04EC0-301F-11D3-BF4B-00C04F79EFBC}") = "VATGlasses.VRCParser", "VATGlasses.VRCParser\VATGlasses.VRCParser.csproj", "{658BB6D6-79C0-4F81-9137-A8DA406A807D}"
EndProject
Project("{FAE04EC0-301F-11D3-BF4B-00C04F79EFBC}") = "VATGlasses.Web", "VATGlasses.Web\VATGlasses.Web.csproj", "{B20FDC81-D91E-46D0-9404-3287F8D6F3D6}"
EndProject
Project("{FAE04EC0-301F-11D3-BF4B-00C04F79EFBC}") = "DegreeFormatter", "DegreeFormatter\DegreeFormatter.csproj", "{989C6153-460F-4A0D-8A83-7E5DA42082AF}"
EndProject
Project("{FAE04EC0-301F-11D3-BF4B-00C04F79EFBC}") = "ConvertAirportsInfoRadio", "ConvertAirportsInfoRadio\ConvertAirportsInfoRadio.csproj", "{E5F80168-C678-4221-9293-B65D76F01932}"
EndProject
Global
	GlobalSection(SolutionConfigurationPlatforms) = preSolution
		Debug|Any CPU = Debug|Any CPU
		Debug|ARM = Debug|ARM
		Debug|iPhone = Debug|iPhone
		Debug|iPhoneSimulator = Debug|iPhoneSimulator
		Debug|x64 = Debug|x64
		Debug|x86 = Debug|x86
		Release|Any CPU = Release|Any CPU
		Release|ARM = Release|ARM
		Release|iPhone = Release|iPhone
		Release|iPhoneSimulator = Release|iPhoneSimulator
		Release|x64 = Release|x64
		Release|x86 = Release|x86
	EndGlobalSection
	GlobalSection(ProjectConfigurationPlatforms) = postSolution
		{F3A61874-93D5-4FD4-BB27-B0F7A1478CCC}.Debug|Any CPU.ActiveCfg = Debug|Any CPU
		{F3A61874-93D5-4FD4-BB27-B0F7A1478CCC}.Debug|Any CPU.Build.0 = Debug|Any CPU
		{F3A61874-93D5-4FD4-BB27-B0F7A1478CCC}.Debug|ARM.ActiveCfg = Debug|Any CPU
		{F3A61874-93D5-4FD4-BB27-B0F7A1478CCC}.Debug|ARM.Build.0 = Debug|Any CPU
		{F3A61874-93D5-4FD4-BB27-B0F7A1478CCC}.Debug|iPhone.ActiveCfg = Debug|Any CPU
		{F3A61874-93D5-4FD4-BB27-B0F7A1478CCC}.Debug|iPhone.Build.0 = Debug|Any CPU
		{F3A61874-93D5-4FD4-BB27-B0F7A1478CCC}.Debug|iPhoneSimulator.ActiveCfg = Debug|Any CPU
		{F3A61874-93D5-4FD4-BB27-B0F7A1478CCC}.Debug|iPhoneSimulator.Build.0 = Debug|Any CPU
		{F3A61874-93D5-4FD4-BB27-B0F7A1478CCC}.Debug|x64.ActiveCfg = Debug|Any CPU
		{F3A61874-93D5-4FD4-BB27-B0F7A1478CCC}.Debug|x64.Build.0 = Debug|Any CPU
		{F3A61874-93D5-4FD4-BB27-B0F7A1478CCC}.Debug|x86.ActiveCfg = Debug|Any CPU
		{F3A61874-93D5-4FD4-BB27-B0F7A1478CCC}.Debug|x86.Build.0 = Debug|Any CPU
		{F3A61874-93D5-4FD4-BB27-B0F7A1478CCC}.Release|Any CPU.ActiveCfg = Release|Any CPU
		{F3A61874-93D5-4FD4-BB27-B0F7A1478CCC}.Release|Any CPU.Build.0 = Release|Any CPU
		{F3A61874-93D5-4FD4-BB27-B0F7A1478CCC}.Release|ARM.ActiveCfg = Release|Any CPU
		{F3A61874-93D5-4FD4-BB27-B0F7A1478CCC}.Release|ARM.Build.0 = Release|Any CPU
		{F3A61874-93D5-4FD4-BB27-B0F7A1478CCC}.Release|iPhone.ActiveCfg = Release|Any CPU
		{F3A61874-93D5-4FD4-BB27-B0F7A1478CCC}.Release|iPhone.Build.0 = Release|Any CPU
		{F3A61874-93D5-4FD4-BB27-B0F7A1478CCC}.Release|iPhoneSimulator.ActiveCfg = Release|Any CPU
		{F3A61874-93D5-4FD4-BB27-B0F7A1478CCC}.Release|iPhoneSimulator.Build.0 = Release|Any CPU
		{F3A61874-93D5-4FD4-BB27-B0F7A1478CCC}.Release|x64.ActiveCfg = Release|Any CPU
		{F3A61874-93D5-4FD4-BB27-B0F7A1478CCC}.Release|x64.Build.0 = Release|Any CPU
		{F3A61874-93D5-4FD4-BB27-B0F7A1478CCC}.Release|x86.ActiveCfg = Release|Any CPU
		{F3A61874-93D5-4FD4-BB27-B0F7A1478CCC}.Release|x86.Build.0 = Release|Any CPU
		{1F78E65D-81FB-4AD5-9D61-FED7B2FE01FD}.Debug|Any CPU.ActiveCfg = Debug|Any CPU
		{1F78E65D-81FB-4AD5-9D61-FED7B2FE01FD}.Debug|Any CPU.Build.0 = Debug|Any CPU
		{1F78E65D-81FB-4AD5-9D61-FED7B2FE01FD}.Debug|ARM.ActiveCfg = Debug|Any CPU
		{1F78E65D-81FB-4AD5-9D61-FED7B2FE01FD}.Debug|iPhone.ActiveCfg = Debug|Any CPU
		{1F78E65D-81FB-4AD5-9D61-FED7B2FE01FD}.Debug|iPhoneSimulator.ActiveCfg = Debug|Any CPU
		{1F78E65D-81FB-4AD5-9D61-FED7B2FE01FD}.Debug|x64.ActiveCfg = Debug|Any CPU
		{1F78E65D-81FB-4AD5-9D61-FED7B2FE01FD}.Debug|x86.ActiveCfg = Debug|Any CPU
		{1F78E65D-81FB-4AD5-9D61-FED7B2FE01FD}.Release|Any CPU.ActiveCfg = Release|Any CPU
		{1F78E65D-81FB-4AD5-9D61-FED7B2FE01FD}.Release|Any CPU.Build.0 = Release|Any CPU
		{1F78E65D-81FB-4AD5-9D61-FED7B2FE01FD}.Release|ARM.ActiveCfg = Release|Any CPU
		{1F78E65D-81FB-4AD5-9D61-FED7B2FE01FD}.Release|iPhone.ActiveCfg = Release|Any CPU
		{1F78E65D-81FB-4AD5-9D61-FED7B2FE01FD}.Release|iPhoneSimulator.ActiveCfg = Release|Any CPU
		{1F78E65D-81FB-4AD5-9D61-FED7B2FE01FD}.Release|x64.ActiveCfg = Release|Any CPU
		{1F78E65D-81FB-4AD5-9D61-FED7B2FE01FD}.Release|x86.ActiveCfg = Release|Any CPU
		{658BB6D6-79C0-4F81-9137-A8DA406A807D}.Debug|Any CPU.ActiveCfg = Debug|Any CPU
		{658BB6D6-79C0-4F81-9137-A8DA406A807D}.Debug|Any CPU.Build.0 = Debug|Any CPU
		{658BB6D6-79C0-4F81-9137-A8DA406A807D}.Debug|ARM.ActiveCfg = Debug|Any CPU
		{658BB6D6-79C0-4F81-9137-A8DA406A807D}.Debug|ARM.Build.0 = Debug|Any CPU
		{658BB6D6-79C0-4F81-9137-A8DA406A807D}.Debug|iPhone.ActiveCfg = Debug|Any CPU
		{658BB6D6-79C0-4F81-9137-A8DA406A807D}.Debug|iPhone.Build.0 = Debug|Any CPU
		{658BB6D6-79C0-4F81-9137-A8DA406A807D}.Debug|iPhoneSimulator.ActiveCfg = Debug|Any CPU
		{658BB6D6-79C0-4F81-9137-A8DA406A807D}.Debug|iPhoneSimulator.Build.0 = Debug|Any CPU
		{658BB6D6-79C0-4F81-9137-A8DA406A807D}.Debug|x64.ActiveCfg = Debug|Any CPU
		{658BB6D6-79C0-4F81-9137-A8DA406A807D}.Debug|x64.Build.0 = Debug|Any CPU
		{658BB6D6-79C0-4F81-9137-A8DA406A807D}.Debug|x86.ActiveCfg = Debug|Any CPU
		{658BB6D6-79C0-4F81-9137-A8DA406A807D}.Debug|x86.Build.0 = Debug|Any CPU
		{658BB6D6-79C0-4F81-9137-A8DA406A807D}.Release|Any CPU.ActiveCfg = Release|Any CPU
		{658BB6D6-79C0-4F81-9137-A8DA406A807D}.Release|Any CPU.Build.0 = Release|Any CPU
		{658BB6D6-79C0-4F81-9137-A8DA406A807D}.Release|ARM.ActiveCfg = Release|Any CPU
		{658BB6D6-79C0-4F81-9137-A8DA406A807D}.Release|ARM.Build.0 = Release|Any CPU
		{658BB6D6-79C0-4F81-9137-A8DA406A807D}.Release|iPhone.ActiveCfg = Release|Any CPU
		{658BB6D6-79C0-4F81-9137-A8DA406A807D}.Release|iPhone.Build.0 = Release|Any CPU
		{658BB6D6-79C0-4F81-9137-A8DA406A807D}.Release|iPhoneSimulator.ActiveCfg = Release|Any CPU
		{658BB6D6-79C0-4F81-9137-A8DA406A807D}.Release|iPhoneSimulator.Build.0 = Release|Any CPU
		{658BB6D6-79C0-4F81-9137-A8DA406A807D}.Release|x64.ActiveCfg = Release|Any CPU
		{658BB6D6-79C0-4F81-9137-A8DA406A807D}.Release|x64.Build.0 = Release|Any CPU
		{658BB6D6-79C0-4F81-9137-A8DA406A807D}.Release|x86.ActiveCfg = Release|Any CPU
		{658BB6D6-79C0-4F81-9137-A8DA406A807D}.Release|x86.Build.0 = Release|Any CPU
		{B20FDC81-D91E-46D0-9404-3287F8D6F3D6}.Debug|Any CPU.ActiveCfg = Debug|Any CPU
		{B20FDC81-D91E-46D0-9404-3287F8D6F3D6}.Debug|Any CPU.Build.0 = Debug|Any CPU
		{B20FDC81-D91E-46D0-9404-3287F8D6F3D6}.Debug|ARM.ActiveCfg = Debug|Any CPU
		{B20FDC81-D91E-46D0-9404-3287F8D6F3D6}.Debug|ARM.Build.0 = Debug|Any CPU
		{B20FDC81-D91E-46D0-9404-3287F8D6F3D6}.Debug|iPhone.ActiveCfg = Debug|Any CPU
		{B20FDC81-D91E-46D0-9404-3287F8D6F3D6}.Debug|iPhone.Build.0 = Debug|Any CPU
		{B20FDC81-D91E-46D0-9404-3287F8D6F3D6}.Debug|iPhoneSimulator.ActiveCfg = Debug|Any CPU
		{B20FDC81-D91E-46D0-9404-3287F8D6F3D6}.Debug|iPhoneSimulator.Build.0 = Debug|Any CPU
		{B20FDC81-D91E-46D0-9404-3287F8D6F3D6}.Debug|x64.ActiveCfg = Debug|Any CPU
		{B20FDC81-D91E-46D0-9404-3287F8D6F3D6}.Debug|x64.Build.0 = Debug|Any CPU
		{B20FDC81-D91E-46D0-9404-3287F8D6F3D6}.Debug|x86.ActiveCfg = Debug|Any CPU
		{B20FDC81-D91E-46D0-9404-3287F8D6F3D6}.Debug|x86.Build.0 = Debug|Any CPU
		{B20FDC81-D91E-46D0-9404-3287F8D6F3D6}.Release|Any CPU.ActiveCfg = Release|Any CPU
		{B20FDC81-D91E-46D0-9404-3287F8D6F3D6}.Release|Any CPU.Build.0 = Release|Any CPU
		{B20FDC81-D91E-46D0-9404-3287F8D6F3D6}.Release|ARM.ActiveCfg = Release|Any CPU
		{B20FDC81-D91E-46D0-9404-3287F8D6F3D6}.Release|ARM.Build.0 = Release|Any CPU
		{B20FDC81-D91E-46D0-9404-3287F8D6F3D6}.Release|iPhone.ActiveCfg = Release|Any CPU
		{B20FDC81-D91E-46D0-9404-3287F8D6F3D6}.Release|iPhone.Build.0 = Release|Any CPU
		{B20FDC81-D91E-46D0-9404-3287F8D6F3D6}.Release|iPhoneSimulator.ActiveCfg = Release|Any CPU
		{B20FDC81-D91E-46D0-9404-3287F8D6F3D6}.Release|iPhoneSimulator.Build.0 = Release|Any CPU
		{B20FDC81-D91E-46D0-9404-3287F8D6F3D6}.Release|x64.ActiveCfg = Release|Any CPU
		{B20FDC81-D91E-46D0-9404-3287F8D6F3D6}.Release|x64.Build.0 = Release|Any CPU
		{B20FDC81-D91E-46D0-9404-3287F8D6F3D6}.Release|x86.ActiveCfg = Release|Any CPU
		{B20FDC81-D91E-46D0-9404-3287F8D6F3D6}.Release|x86.Build.0 = Release|Any CPU
		{989C6153-460F-4A0D-8A83-7E5DA42082AF}.Debug|Any CPU.ActiveCfg = Debug|Any CPU
		{989C6153-460F-4A0D-8A83-7E5DA42082AF}.Debug|Any CPU.Build.0 = Debug|Any CPU
		{989C6153-460F-4A0D-8A83-7E5DA42082AF}.Debug|ARM.ActiveCfg = Debug|Any CPU
		{989C6153-460F-4A0D-8A83-7E5DA42082AF}.Debug|ARM.Build.0 = Debug|Any CPU
		{989C6153-460F-4A0D-8A83-7E5DA42082AF}.Debug|iPhone.ActiveCfg = Debug|Any CPU
		{989C6153-460F-4A0D-8A83-7E5DA42082AF}.Debug|iPhone.Build.0 = Debug|Any CPU
		{989C6153-460F-4A0D-8A83-7E5DA42082AF}.Debug|iPhoneSimulator.ActiveCfg = Debug|Any CPU
		{989C6153-460F-4A0D-8A83-7E5DA42082AF}.Debug|iPhoneSimulator.Build.0 = Debug|Any CPU
		{989C6153-460F-4A0D-8A83-7E5DA42082AF}.Debug|x64.ActiveCfg = Debug|Any CPU
		{989C6153-460F-4A0D-8A83-7E5DA42082AF}.Debug|x64.Build.0 = Debug|Any CPU
		{989C6153-460F-4A0D-8A83-7E5DA42082AF}.Debug|x86.ActiveCfg = Debug|Any CPU
		{989C6153-460F-4A0D-8A83-7E5DA42082AF}.Debug|x86.Build.0 = Debug|Any CPU
		{989C6153-460F-4A0D-8A83-7E5DA42082AF}.Release|Any CPU.ActiveCfg = Release|Any CPU
		{989C6153-460F-4A0D-8A83-7E5DA42082AF}.Release|Any CPU.Build.0 = Release|Any CPU
		{989C6153-460F-4A0D-8A83-7E5DA42082AF}.Release|ARM.ActiveCfg = Release|Any CPU
		{989C6153-460F-4A0D-8A83-7E5DA42082AF}.Release|ARM.Build.0 = Release|Any CPU
		{989C6153-460F-4A0D-8A83-7E5DA42082AF}.Release|iPhone.ActiveCfg = Release|Any CPU
		{989C6153-460F-4A0D-8A83-7E5DA42082AF}.Release|iPhone.Build.0 = Release|Any CPU
		{989C6153-460F-4A0D-8A83-7E5DA42082AF}.Release|iPhoneSimulator.ActiveCfg = Release|Any CPU
		{989C6153-460F-4A0D-8A83-7E5DA42082AF}.Release|iPhoneSimulator.Build.0 = Release|Any CPU
		{989C6153-460F-4A0D-8A83-7E5DA42082AF}.Release|x64.ActiveCfg = Release|Any CPU
		{989C6153-460F-4A0D-8A83-7E5DA42082AF}.Release|x64.Build.0 = Release|Any CPU
		{989C6153-460F-4A0D-8A83-7E5DA42082AF}.Release|x86.ActiveCfg = Release|Any CPU
		{989C6153-460F-4A0D-8A83-7E5DA42082AF}.Release|x86.Build.0 = Release|Any CPU
		{E5F80168-C678-4221-9293-B65D76F01932}.Debug|Any CPU.ActiveCfg = Debug|Any CPU
		{E5F80168-C678-4221-9293-B65D76F01932}.Debug|Any CPU.Build.0 = Debug|Any CPU
		{E5F80168-C678-4221-9293-B65D76F01932}.Debug|ARM.ActiveCfg = Debug|Any CPU
		{E5F80168-C678-4221-9293-B65D76F01932}.Debug|ARM.Build.0 = Debug|Any CPU
		{E5F80168-C678-4221-9293-B65D76F01932}.Debug|iPhone.ActiveCfg = Debug|Any CPU
		{E5F80168-C678-4221-9293-B65D76F01932}.Debug|iPhone.Build.0 = Debug|Any CPU
		{E5F80168-C678-4221-9293-B65D76F01932}.Debug|iPhoneSimulator.ActiveCfg = Debug|Any CPU
		{E5F80168-C678-4221-9293-B65D76F01932}.Debug|iPhoneSimulator.Build.0 = Debug|Any CPU
		{E5F80168-C678-4221-9293-B65D76F01932}.Debug|x64.ActiveCfg = Debug|Any CPU
		{E5F80168-C678-4221-9293-B65D76F01932}.Debug|x64.Build.0 = Debug|Any CPU
		{E5F80168-C678-4221-9293-B65D76F01932}.Debug|x86.ActiveCfg = Debug|Any CPU
		{E5F80168-C678-4221-9293-B65D76F01932}.Debug|x86.Build.0 = Debug|Any CPU
		{E5F80168-C678-4221-9293-B65D76F01932}.Release|Any CPU.ActiveCfg = Release|Any CPU
		{E5F80168-C678-4221-9293-B65D76F01932}.Release|Any CPU.Build.0 = Release|Any CPU
		{E5F80168-C678-4221-9293-B65D76F01932}.Release|ARM.ActiveCfg = Release|Any CPU
		{E5F80168-C678-4221-9293-B65D76F01932}.Release|ARM.Build.0 = Release|Any CPU
		{E5F80168-C678-4221-9293-B65D76F01932}.Release|iPhone.ActiveCfg = Release|Any CPU
		{E5F80168-C678-4221-9293-B65D76F01932}.Release|iPhone.Build.0 = Release|Any CPU
		{E5F80168-C678-4221-9293-B65D76F01932}.Release|iPhoneSimulator.ActiveCfg = Release|Any CPU
		{E5F80168-C678-4221-9293-B65D76F01932}.Release|iPhoneSimulator.Build.0 = Release|Any CPU
		{E5F80168-C678-4221-9293-B65D76F01932}.Release|x64.ActiveCfg = Release|Any CPU
		{E5F80168-C678-4221-9293-B65D76F01932}.Release|x64.Build.0 = Release|Any CPU
		{E5F80168-C678-4221-9293-B65D76F01932}.Release|x86.ActiveCfg = Release|Any CPU
		{E5F80168-C678-4221-9293-B65D76F01932}.Release|x86.Build.0 = Release|Any CPU
	EndGlobalSection
	GlobalSection(SolutionProperties) = preSolution
		HideSolutionNode = FALSE
	EndGlobalSection
	GlobalSection(ExtensibilityGlobals) = postSolution
		SolutionGuid = {EDA2577A-C868-42D9-83E8-64F3BD8EB824}
	EndGlobalSection
EndGlobal
